
Microsoft Visual Studio Solution File, Format Version 12.00
# Visual Studio Version 17
VisualStudioVersion = 17.1.32407.343
MinimumVisualStudioVersion = 10.0.40219.1
Project("{FAE04EC0-301F-11D3-BF4B-00C04F79EFBC}") = "IDMSFormNameGenerator", "IDMSFormNameGenerator\IDMSFormNameGenerator.csproj", "{08C65D30-D78E-43A8-9E08-F93CB8091EB4}"
EndProject
Global
	GlobalSection(SolutionConfigurationPlatforms) = preSolution
		Debug|Any CPU = Debug|Any CPU
		Release|Any CPU = Release|Any CPU
	EndGlobalSection
	GlobalSection(ProjectConfigurationPlatforms) = postSolution
		{08C65D30-D78E-43A8-9E08-F93CB8091EB4}.Debug|Any CPU.ActiveCfg = Debug|Any CPU
		{08C65D30-D78E-43A8-9E08-F93CB8091EB4}.Debug|Any CPU.Build.0 = Debug|Any CPU
		{08C65D30-D78E-43A8-9E08-F93CB8091EB4}.Release|Any CPU.ActiveCfg = Release|Any CPU
		{08C65D30-D78E-43A8-9E08-F93CB8091EB4}.Release|Any CPU.Build.0 = Release|Any CPU
	EndGlobalSection
	GlobalSection(SolutionProperties) = preSolution
		HideSolutionNode = FALSE
	EndGlobalSection
	GlobalSection(ExtensibilityGlobals) = postSolution
		SolutionGuid = {80B3F2E6-156C-415F-AFC4-3CF824036FB4}
	EndGlobalSection
EndGlobal
